
Microsoft Visual Studio Solution File, Format Version 12.00
# Visual Studio 14
VisualStudioVersion = 14.0.25123.0
MinimumVisualStudioVersion = 10.0.40219.1
Project("{FAE04EC0-301F-11D3-BF4B-00C04F79EFBC}") = "BoatClients.Droid", "BoatClients\BoatClients.Droid\BoatClients.Droid.csproj", "{B8DEB166-AC5F-4995-95EB-F04B510D77CE}"
EndProject
Project("{FAE04EC0-301F-11D3-BF4B-00C04F79EFBC}") = "BoatClients.iOS", "BoatClients\BoatClients.iOS\BoatClients.iOS.csproj", "{043E8624-0222-41FF-9BB9-37BB9360F435}"
EndProject
Project("{FAE04EC0-301F-11D3-BF4B-00C04F79EFBC}") = "BoatClients.WinPhone", "BoatClients\BoatClients.WinPhone\BoatClients.WinPhone.csproj", "{7A9B628C-649A-472C-A124-265E9E9DB686}"
EndProject
Project("{FAE04EC0-301F-11D3-BF4B-00C04F79EFBC}") = "BoatClients.UWP", "BoatClients\BoatClients.UWP\BoatClients.UWP.csproj", "{55F7F677-49FD-4E60-8EE3-D18CE391DBAA}"
EndProject
Project("{FAE04EC0-301F-11D3-BF4B-00C04F79EFBC}") = "BoatClients.Windows", "BoatClients\BoatClients.Windows\BoatClients.Windows.csproj", "{057925AB-335E-42DA-BB9A-9BB006647803}"
EndProject
Project("{FAE04EC0-301F-11D3-BF4B-00C04F79EFBC}") = "BoatClients", "BoatClients\BoatClients\BoatClients.csproj", "{7C34FC67-2169-4133-9AAF-756B66B03C88}"
EndProject
Global
	GlobalSection(SolutionConfigurationPlatforms) = preSolution
		Ad-Hoc|Any CPU = Ad-Hoc|Any CPU
		Ad-Hoc|ARM = Ad-Hoc|ARM
		Ad-Hoc|iPhone = Ad-Hoc|iPhone
		Ad-Hoc|iPhoneSimulator = Ad-Hoc|iPhoneSimulator
		Ad-Hoc|x64 = Ad-Hoc|x64
		Ad-Hoc|x86 = Ad-Hoc|x86
		AppStore|Any CPU = AppStore|Any CPU
		AppStore|ARM = AppStore|ARM
		AppStore|iPhone = AppStore|iPhone
		AppStore|iPhoneSimulator = AppStore|iPhoneSimulator
		AppStore|x64 = AppStore|x64
		AppStore|x86 = AppStore|x86
		Debug|Any CPU = Debug|Any CPU
		Debug|ARM = Debug|ARM
		Debug|iPhone = Debug|iPhone
		Debug|iPhoneSimulator = Debug|iPhoneSimulator
		Debug|x64 = Debug|x64
		Debug|x86 = Debug|x86
		Release|Any CPU = Release|Any CPU
		Release|ARM = Release|ARM
		Release|iPhone = Release|iPhone
		Release|iPhoneSimulator = Release|iPhoneSimulator
		Release|x64 = Release|x64
		Release|x86 = Release|x86
	EndGlobalSection
	GlobalSection(ProjectConfigurationPlatforms) = postSolution
		{B8DEB166-AC5F-4995-95EB-F04B510D77CE}.Ad-Hoc|Any CPU.ActiveCfg = Release|Any CPU
		{B8DEB166-AC5F-4995-95EB-F04B510D77CE}.Ad-Hoc|Any CPU.Build.0 = Release|Any CPU
		{B8DEB166-AC5F-4995-95EB-F04B510D77CE}.Ad-Hoc|Any CPU.Deploy.0 = Release|Any CPU
		{B8DEB166-AC5F-4995-95EB-F04B510D77CE}.Ad-Hoc|ARM.ActiveCfg = Release|Any CPU
		{B8DEB166-AC5F-4995-95EB-F04B510D77CE}.Ad-Hoc|ARM.Build.0 = Release|Any CPU
		{B8DEB166-AC5F-4995-95EB-F04B510D77CE}.Ad-Hoc|ARM.Deploy.0 = Release|Any CPU
		{B8DEB166-AC5F-4995-95EB-F04B510D77CE}.Ad-Hoc|iPhone.ActiveCfg = Release|Any CPU
		{B8DEB166-AC5F-4995-95EB-F04B510D77CE}.Ad-Hoc|iPhone.Build.0 = Release|Any CPU
		{B8DEB166-AC5F-4995-95EB-F04B510D77CE}.Ad-Hoc|iPhone.Deploy.0 = Release|Any CPU
		{B8DEB166-AC5F-4995-95EB-F04B510D77CE}.Ad-Hoc|iPhoneSimulator.ActiveCfg = Release|Any CPU
		{B8DEB166-AC5F-4995-95EB-F04B510D77CE}.Ad-Hoc|iPhoneSimulator.Build.0 = Release|Any CPU
		{B8DEB166-AC5F-4995-95EB-F04B510D77CE}.Ad-Hoc|iPhoneSimulator.Deploy.0 = Release|Any CPU
		{B8DEB166-AC5F-4995-95EB-F04B510D77CE}.Ad-Hoc|x64.ActiveCfg = Release|Any CPU
		{B8DEB166-AC5F-4995-95EB-F04B510D77CE}.Ad-Hoc|x64.Build.0 = Release|Any CPU
		{B8DEB166-AC5F-4995-95EB-F04B510D77CE}.Ad-Hoc|x64.Deploy.0 = Release|Any CPU
		{B8DEB166-AC5F-4995-95EB-F04B510D77CE}.Ad-Hoc|x86.ActiveCfg = Release|Any CPU
		{B8DEB166-AC5F-4995-95EB-F04B510D77CE}.Ad-Hoc|x86.Build.0 = Release|Any CPU
		{B8DEB166-AC5F-4995-95EB-F04B510D77CE}.Ad-Hoc|x86.Deploy.0 = Release|Any CPU
		{B8DEB166-AC5F-4995-95EB-F04B510D77CE}.AppStore|Any CPU.ActiveCfg = Release|Any CPU
		{B8DEB166-AC5F-4995-95EB-F04B510D77CE}.AppStore|Any CPU.Build.0 = Release|Any CPU
		{B8DEB166-AC5F-4995-95EB-F04B510D77CE}.AppStore|Any CPU.Deploy.0 = Release|Any CPU
		{B8DEB166-AC5F-4995-95EB-F04B510D77CE}.AppStore|ARM.ActiveCfg = Release|Any CPU
		{B8DEB166-AC5F-4995-95EB-F04B510D77CE}.AppStore|ARM.Build.0 = Release|Any CPU
		{B8DEB166-AC5F-4995-95EB-F04B510D77CE}.AppStore|ARM.Deploy.0 = Release|Any CPU
		{B8DEB166-AC5F-4995-95EB-F04B510D77CE}.AppStore|iPhone.ActiveCfg = Release|Any CPU
		{B8DEB166-AC5F-4995-95EB-F04B510D77CE}.AppStore|iPhone.Build.0 = Release|Any CPU
		{B8DEB166-AC5F-4995-95EB-F04B510D77CE}.AppStore|iPhone.Deploy.0 = Release|Any CPU
		{B8DEB166-AC5F-4995-95EB-F04B510D77CE}.AppStore|iPhoneSimulator.ActiveCfg = Release|Any CPU
		{B8DEB166-AC5F-4995-95EB-F04B510D77CE}.AppStore|iPhoneSimulator.Build.0 = Release|Any CPU
		{B8DEB166-AC5F-4995-95EB-F04B510D77CE}.AppStore|iPhoneSimulator.Deploy.0 = Release|Any CPU
		{B8DEB166-AC5F-4995-95EB-F04B510D77CE}.AppStore|x64.ActiveCfg = Release|Any CPU
		{B8DEB166-AC5F-4995-95EB-F04B510D77CE}.AppStore|x64.Build.0 = Release|Any CPU
		{B8DEB166-AC5F-4995-95EB-F04B510D77CE}.AppStore|x64.Deploy.0 = Release|Any CPU
		{B8DEB166-AC5F-4995-95EB-F04B510D77CE}.AppStore|x86.ActiveCfg = Release|Any CPU
		{B8DEB166-AC5F-4995-95EB-F04B510D77CE}.AppStore|x86.Build.0 = Release|Any CPU
		{B8DEB166-AC5F-4995-95EB-F04B510D77CE}.AppStore|x86.Deploy.0 = Release|Any CPU
		{B8DEB166-AC5F-4995-95EB-F04B510D77CE}.Debug|Any CPU.ActiveCfg = Debug|Any CPU
		{B8DEB166-AC5F-4995-95EB-F04B510D77CE}.Debug|Any CPU.Build.0 = Debug|Any CPU
		{B8DEB166-AC5F-4995-95EB-F04B510D77CE}.Debug|Any CPU.Deploy.0 = Debug|Any CPU
		{B8DEB166-AC5F-4995-95EB-F04B510D77CE}.Debug|ARM.ActiveCfg = Debug|Any CPU
		{B8DEB166-AC5F-4995-95EB-F04B510D77CE}.Debug|ARM.Build.0 = Debug|Any CPU
		{B8DEB166-AC5F-4995-95EB-F04B510D77CE}.Debug|ARM.Deploy.0 = Debug|Any CPU
		{B8DEB166-AC5F-4995-95EB-F04B510D77CE}.Debug|iPhone.ActiveCfg = Debug|Any CPU
		{B8DEB166-AC5F-4995-95EB-F04B510D77CE}.Debug|iPhone.Build.0 = Debug|Any CPU
		{B8DEB166-AC5F-4995-95EB-F04B510D77CE}.Debug|iPhone.Deploy.0 = Debug|Any CPU
		{B8DEB166-AC5F-4995-95EB-F04B510D77CE}.Debug|iPhoneSimulator.ActiveCfg = Debug|Any CPU
		{B8DEB166-AC5F-4995-95EB-F04B510D77CE}.Debug|iPhoneSimulator.Build.0 = Debug|Any CPU
		{B8DEB166-AC5F-4995-95EB-F04B510D77CE}.Debug|iPhoneSimulator.Deploy.0 = Debug|Any CPU
		{B8DEB166-AC5F-4995-95EB-F04B510D77CE}.Debug|x64.ActiveCfg = Debug|Any CPU
		{B8DEB166-AC5F-4995-95EB-F04B510D77CE}.Debug|x64.Build.0 = Debug|Any CPU
		{B8DEB166-AC5F-4995-95EB-F04B510D77CE}.Debug|x64.Deploy.0 = Debug|Any CPU
		{B8DEB166-AC5F-4995-95EB-F04B510D77CE}.Debug|x86.ActiveCfg = Debug|Any CPU
		{B8DEB166-AC5F-4995-95EB-F04B510D77CE}.Debug|x86.Build.0 = Debug|Any CPU
		{B8DEB166-AC5F-4995-95EB-F04B510D77CE}.Debug|x86.Deploy.0 = Debug|Any CPU
		{B8DEB166-AC5F-4995-95EB-F04B510D77CE}.Release|Any CPU.ActiveCfg = Release|Any CPU
		{B8DEB166-AC5F-4995-95EB-F04B510D77CE}.Release|Any CPU.Build.0 = Release|Any CPU
		{B8DEB166-AC5F-4995-95EB-F04B510D77CE}.Release|Any CPU.Deploy.0 = Release|Any CPU
		{B8DEB166-AC5F-4995-95EB-F04B510D77CE}.Release|ARM.ActiveCfg = Release|Any CPU
		{B8DEB166-AC5F-4995-95EB-F04B510D77CE}.Release|ARM.Build.0 = Release|Any CPU
		{B8DEB166-AC5F-4995-95EB-F04B510D77CE}.Release|ARM.Deploy.0 = Release|Any CPU
		{B8DEB166-AC5F-4995-95EB-F04B510D77CE}.Release|iPhone.ActiveCfg = Release|Any CPU
		{B8DEB166-AC5F-4995-95EB-F04B510D77CE}.Release|iPhone.Build.0 = Release|Any CPU
		{B8DEB166-AC5F-4995-95EB-F04B510D77CE}.Release|iPhone.Deploy.0 = Release|Any CPU
		{B8DEB166-AC5F-4995-95EB-F04B510D77CE}.Release|iPhoneSimulator.ActiveCfg = Release|Any CPU
		{B8DEB166-AC5F-4995-95EB-F04B510D77CE}.Release|iPhoneSimulator.Build.0 = Release|Any CPU
		{B8DEB166-AC5F-4995-95EB-F04B510D77CE}.Release|iPhoneSimulator.Deploy.0 = Release|Any CPU
		{B8DEB166-AC5F-4995-95EB-F04B510D77CE}.Release|x64.ActiveCfg = Release|Any CPU
		{B8DEB166-AC5F-4995-95EB-F04B510D77CE}.Release|x64.Build.0 = Release|Any CPU
		{B8DEB166-AC5F-4995-95EB-F04B510D77CE}.Release|x64.Deploy.0 = Release|Any CPU
		{B8DEB166-AC5F-4995-95EB-F04B510D77CE}.Release|x86.ActiveCfg = Release|Any CPU
		{B8DEB166-AC5F-4995-95EB-F04B510D77CE}.Release|x86.Build.0 = Release|Any CPU
		{B8DEB166-AC5F-4995-95EB-F04B510D77CE}.Release|x86.Deploy.0 = Release|Any CPU
		{043E8624-0222-41FF-9BB9-37BB9360F435}.Ad-Hoc|Any CPU.ActiveCfg = Ad-Hoc|iPhone
		{043E8624-0222-41FF-9BB9-37BB9360F435}.Ad-Hoc|ARM.ActiveCfg = Ad-Hoc|iPhone
		{043E8624-0222-41FF-9BB9-37BB9360F435}.Ad-Hoc|iPhone.ActiveCfg = Ad-Hoc|iPhone
		{043E8624-0222-41FF-9BB9-37BB9360F435}.Ad-Hoc|iPhone.Build.0 = Ad-Hoc|iPhone
		{043E8624-0222-41FF-9BB9-37BB9360F435}.Ad-Hoc|iPhoneSimulator.ActiveCfg = Ad-Hoc|iPhoneSimulator
		{043E8624-0222-41FF-9BB9-37BB9360F435}.Ad-Hoc|iPhoneSimulator.Build.0 = Ad-Hoc|iPhoneSimulator
		{043E8624-0222-41FF-9BB9-37BB9360F435}.Ad-Hoc|x64.ActiveCfg = Ad-Hoc|iPhone
		{043E8624-0222-41FF-9BB9-37BB9360F435}.Ad-Hoc|x86.ActiveCfg = Ad-Hoc|iPhone
		{043E8624-0222-41FF-9BB9-37BB9360F435}.AppStore|Any CPU.ActiveCfg = AppStore|iPhone
		{043E8624-0222-41FF-9BB9-37BB9360F435}.AppStore|ARM.ActiveCfg = AppStore|iPhone
		{043E8624-0222-41FF-9BB9-37BB9360F435}.AppStore|iPhone.ActiveCfg = AppStore|iPhone
		{043E8624-0222-41FF-9BB9-37BB9360F435}.AppStore|iPhone.Build.0 = AppStore|iPhone
		{043E8624-0222-41FF-9BB9-37BB9360F435}.AppStore|iPhoneSimulator.ActiveCfg = AppStore|iPhoneSimulator
		{043E8624-0222-41FF-9BB9-37BB9360F435}.AppStore|iPhoneSimulator.Build.0 = AppStore|iPhoneSimulator
		{043E8624-0222-41FF-9BB9-37BB9360F435}.AppStore|x64.ActiveCfg = AppStore|iPhone
		{043E8624-0222-41FF-9BB9-37BB9360F435}.AppStore|x86.ActiveCfg = AppStore|iPhone
		{043E8624-0222-41FF-9BB9-37BB9360F435}.Debug|Any CPU.ActiveCfg = Debug|iPhone
		{043E8624-0222-41FF-9BB9-37BB9360F435}.Debug|ARM.ActiveCfg = Debug|iPhone
		{043E8624-0222-41FF-9BB9-37BB9360F435}.Debug|iPhone.ActiveCfg = Debug|iPhone
		{043E8624-0222-41FF-9BB9-37BB9360F435}.Debug|iPhone.Build.0 = Debug|iPhone
		{043E8624-0222-41FF-9BB9-37BB9360F435}.Debug|iPhoneSimulator.ActiveCfg = Debug|iPhoneSimulator
		{043E8624-0222-41FF-9BB9-37BB9360F435}.Debug|iPhoneSimulator.Build.0 = Debug|iPhoneSimulator
		{043E8624-0222-41FF-9BB9-37BB9360F435}.Debug|x64.ActiveCfg = Debug|iPhone
		{043E8624-0222-41FF-9BB9-37BB9360F435}.Debug|x86.ActiveCfg = Debug|iPhone
		{043E8624-0222-41FF-9BB9-37BB9360F435}.Release|Any CPU.ActiveCfg = Release|iPhone
		{043E8624-0222-41FF-9BB9-37BB9360F435}.Release|ARM.ActiveCfg = Release|iPhone
		{043E8624-0222-41FF-9BB9-37BB9360F435}.Release|iPhone.ActiveCfg = Release|iPhone
		{043E8624-0222-41FF-9BB9-37BB9360F435}.Release|iPhone.Build.0 = Release|iPhone
		{043E8624-0222-41FF-9BB9-37BB9360F435}.Release|iPhoneSimulator.ActiveCfg = Release|iPhoneSimulator
		{043E8624-0222-41FF-9BB9-37BB9360F435}.Release|iPhoneSimulator.Build.0 = Release|iPhoneSimulator
		{043E8624-0222-41FF-9BB9-37BB9360F435}.Release|x64.ActiveCfg = Release|iPhone
		{043E8624-0222-41FF-9BB9-37BB9360F435}.Release|x86.ActiveCfg = Release|iPhone
		{7A9B628C-649A-472C-A124-265E9E9DB686}.Ad-Hoc|Any CPU.ActiveCfg = Release|Any CPU
		{7A9B628C-649A-472C-A124-265E9E9DB686}.Ad-Hoc|Any CPU.Build.0 = Release|Any CPU
		{7A9B628C-649A-472C-A124-265E9E9DB686}.Ad-Hoc|Any CPU.Deploy.0 = Release|Any CPU
		{7A9B628C-649A-472C-A124-265E9E9DB686}.Ad-Hoc|ARM.ActiveCfg = Release|ARM
		{7A9B628C-649A-472C-A124-265E9E9DB686}.Ad-Hoc|ARM.Build.0 = Release|ARM
		{7A9B628C-649A-472C-A124-265E9E9DB686}.Ad-Hoc|ARM.Deploy.0 = Release|ARM
		{7A9B628C-649A-472C-A124-265E9E9DB686}.Ad-Hoc|iPhone.ActiveCfg = Release|Any CPU
		{7A9B628C-649A-472C-A124-265E9E9DB686}.Ad-Hoc|iPhone.Build.0 = Release|Any CPU
		{7A9B628C-649A-472C-A124-265E9E9DB686}.Ad-Hoc|iPhone.Deploy.0 = Release|Any CPU
		{7A9B628C-649A-472C-A124-265E9E9DB686}.Ad-Hoc|iPhoneSimulator.ActiveCfg = Release|Any CPU
		{7A9B628C-649A-472C-A124-265E9E9DB686}.Ad-Hoc|iPhoneSimulator.Build.0 = Release|Any CPU
		{7A9B628C-649A-472C-A124-265E9E9DB686}.Ad-Hoc|iPhoneSimulator.Deploy.0 = Release|Any CPU
		{7A9B628C-649A-472C-A124-265E9E9DB686}.Ad-Hoc|x64.ActiveCfg = Release|Any CPU
		{7A9B628C-649A-472C-A124-265E9E9DB686}.Ad-Hoc|x64.Build.0 = Release|Any CPU
		{7A9B628C-649A-472C-A124-265E9E9DB686}.Ad-Hoc|x64.Deploy.0 = Release|Any CPU
		{7A9B628C-649A-472C-A124-265E9E9DB686}.Ad-Hoc|x86.ActiveCfg = Release|x86
		{7A9B628C-649A-472C-A124-265E9E9DB686}.Ad-Hoc|x86.Build.0 = Release|x86
		{7A9B628C-649A-472C-A124-265E9E9DB686}.Ad-Hoc|x86.Deploy.0 = Release|x86
		{7A9B628C-649A-472C-A124-265E9E9DB686}.AppStore|Any CPU.ActiveCfg = Release|Any CPU
		{7A9B628C-649A-472C-A124-265E9E9DB686}.AppStore|Any CPU.Build.0 = Release|Any CPU
		{7A9B628C-649A-472C-A124-265E9E9DB686}.AppStore|Any CPU.Deploy.0 = Release|Any CPU
		{7A9B628C-649A-472C-A124-265E9E9DB686}.AppStore|ARM.ActiveCfg = Release|ARM
		{7A9B628C-649A-472C-A124-265E9E9DB686}.AppStore|ARM.Build.0 = Release|ARM
		{7A9B628C-649A-472C-A124-265E9E9DB686}.AppStore|ARM.Deploy.0 = Release|ARM
		{7A9B628C-649A-472C-A124-265E9E9DB686}.AppStore|iPhone.ActiveCfg = Release|Any CPU
		{7A9B628C-649A-472C-A124-265E9E9DB686}.AppStore|iPhone.Build.0 = Release|Any CPU
		{7A9B628C-649A-472C-A124-265E9E9DB686}.AppStore|iPhone.Deploy.0 = Release|Any CPU
		{7A9B628C-649A-472C-A124-265E9E9DB686}.AppStore|iPhoneSimulator.ActiveCfg = Release|Any CPU
		{7A9B628C-649A-472C-A124-265E9E9DB686}.AppStore|iPhoneSimulator.Build.0 = Release|Any CPU
		{7A9B628C-649A-472C-A124-265E9E9DB686}.AppStore|iPhoneSimulator.Deploy.0 = Release|Any CPU
		{7A9B628C-649A-472C-A124-265E9E9DB686}.AppStore|x64.ActiveCfg = Release|Any CPU
		{7A9B628C-649A-472C-A124-265E9E9DB686}.AppStore|x64.Build.0 = Release|Any CPU
		{7A9B628C-649A-472C-A124-265E9E9DB686}.AppStore|x64.Deploy.0 = Release|Any CPU
		{7A9B628C-649A-472C-A124-265E9E9DB686}.AppStore|x86.ActiveCfg = Release|x86
		{7A9B628C-649A-472C-A124-265E9E9DB686}.AppStore|x86.Build.0 = Release|x86
		{7A9B628C-649A-472C-A124-265E9E9DB686}.AppStore|x86.Deploy.0 = Release|x86
		{7A9B628C-649A-472C-A124-265E9E9DB686}.Debug|Any CPU.ActiveCfg = Debug|Any CPU
		{7A9B628C-649A-472C-A124-265E9E9DB686}.Debug|Any CPU.Build.0 = Debug|Any CPU
		{7A9B628C-649A-472C-A124-265E9E9DB686}.Debug|Any CPU.Deploy.0 = Debug|Any CPU
		{7A9B628C-649A-472C-A124-265E9E9DB686}.Debug|ARM.ActiveCfg = Debug|ARM
		{7A9B628C-649A-472C-A124-265E9E9DB686}.Debug|ARM.Build.0 = Debug|ARM
		{7A9B628C-649A-472C-A124-265E9E9DB686}.Debug|ARM.Deploy.0 = Debug|ARM
		{7A9B628C-649A-472C-A124-265E9E9DB686}.Debug|iPhone.ActiveCfg = Debug|Any CPU
		{7A9B628C-649A-472C-A124-265E9E9DB686}.Debug|iPhone.Build.0 = Debug|Any CPU
		{7A9B628C-649A-472C-A124-265E9E9DB686}.Debug|iPhone.Deploy.0 = Debug|Any CPU
		{7A9B628C-649A-472C-A124-265E9E9DB686}.Debug|iPhoneSimulator.ActiveCfg = Debug|Any CPU
		{7A9B628C-649A-472C-A124-265E9E9DB686}.Debug|iPhoneSimulator.Build.0 = Debug|Any CPU
		{7A9B628C-649A-472C-A124-265E9E9DB686}.Debug|iPhoneSimulator.Deploy.0 = Debug|Any CPU
		{7A9B628C-649A-472C-A124-265E9E9DB686}.Debug|x64.ActiveCfg = Debug|Any CPU
		{7A9B628C-649A-472C-A124-265E9E9DB686}.Debug|x64.Build.0 = Debug|Any CPU
		{7A9B628C-649A-472C-A124-265E9E9DB686}.Debug|x64.Deploy.0 = Debug|Any CPU
		{7A9B628C-649A-472C-A124-265E9E9DB686}.Debug|x86.ActiveCfg = Debug|x86
		{7A9B628C-649A-472C-A124-265E9E9DB686}.Debug|x86.Build.0 = Debug|x86
		{7A9B628C-649A-472C-A124-265E9E9DB686}.Debug|x86.Deploy.0 = Debug|x86
		{7A9B628C-649A-472C-A124-265E9E9DB686}.Release|Any CPU.ActiveCfg = Release|Any CPU
		{7A9B628C-649A-472C-A124-265E9E9DB686}.Release|Any CPU.Build.0 = Release|Any CPU
		{7A9B628C-649A-472C-A124-265E9E9DB686}.Release|Any CPU.Deploy.0 = Release|Any CPU
		{7A9B628C-649A-472C-A124-265E9E9DB686}.Release|ARM.ActiveCfg = Release|ARM
		{7A9B628C-649A-472C-A124-265E9E9DB686}.Release|ARM.Build.0 = Release|ARM
		{7A9B628C-649A-472C-A124-265E9E9DB686}.Release|ARM.Deploy.0 = Release|ARM
		{7A9B628C-649A-472C-A124-265E9E9DB686}.Release|iPhone.ActiveCfg = Release|Any CPU
		{7A9B628C-649A-472C-A124-265E9E9DB686}.Release|iPhone.Build.0 = Release|Any CPU
		{7A9B628C-649A-472C-A124-265E9E9DB686}.Release|iPhone.Deploy.0 = Release|Any CPU
		{7A9B628C-649A-472C-A124-265E9E9DB686}.Release|iPhoneSimulator.ActiveCfg = Release|Any CPU
		{7A9B628C-649A-472C-A124-265E9E9DB686}.Release|iPhoneSimulator.Build.0 = Release|Any CPU
		{7A9B628C-649A-472C-A124-265E9E9DB686}.Release|iPhoneSimulator.Deploy.0 = Release|Any CPU
		{7A9B628C-649A-472C-A124-265E9E9DB686}.Release|x64.ActiveCfg = Release|Any CPU
		{7A9B628C-649A-472C-A124-265E9E9DB686}.Release|x64.Build.0 = Release|Any CPU
		{7A9B628C-649A-472C-A124-265E9E9DB686}.Release|x64.Deploy.0 = Release|Any CPU
		{7A9B628C-649A-472C-A124-265E9E9DB686}.Release|x86.ActiveCfg = Release|x86
		{7A9B628C-649A-472C-A124-265E9E9DB686}.Release|x86.Build.0 = Release|x86
		{7A9B628C-649A-472C-A124-265E9E9DB686}.Release|x86.Deploy.0 = Release|x86
		{55F7F677-49FD-4E60-8EE3-D18CE391DBAA}.Ad-Hoc|Any CPU.ActiveCfg = Release|x86
		{55F7F677-49FD-4E60-8EE3-D18CE391DBAA}.Ad-Hoc|Any CPU.Build.0 = Release|x86
		{55F7F677-49FD-4E60-8EE3-D18CE391DBAA}.Ad-Hoc|Any CPU.Deploy.0 = Release|x86
		{55F7F677-49FD-4E60-8EE3-D18CE391DBAA}.Ad-Hoc|ARM.ActiveCfg = Release|ARM
		{55F7F677-49FD-4E60-8EE3-D18CE391DBAA}.Ad-Hoc|ARM.Build.0 = Release|ARM
		{55F7F677-49FD-4E60-8EE3-D18CE391DBAA}.Ad-Hoc|ARM.Deploy.0 = Release|ARM
		{55F7F677-49FD-4E60-8EE3-D18CE391DBAA}.Ad-Hoc|iPhone.ActiveCfg = Release|x86
		{55F7F677-49FD-4E60-8EE3-D18CE391DBAA}.Ad-Hoc|iPhone.Build.0 = Release|x86
		{55F7F677-49FD-4E60-8EE3-D18CE391DBAA}.Ad-Hoc|iPhone.Deploy.0 = Release|x86
		{55F7F677-49FD-4E60-8EE3-D18CE391DBAA}.Ad-Hoc|iPhoneSimulator.ActiveCfg = Release|x86
		{55F7F677-49FD-4E60-8EE3-D18CE391DBAA}.Ad-Hoc|iPhoneSimulator.Build.0 = Release|x86
		{55F7F677-49FD-4E60-8EE3-D18CE391DBAA}.Ad-Hoc|iPhoneSimulator.Deploy.0 = Release|x86
		{55F7F677-49FD-4E60-8EE3-D18CE391DBAA}.Ad-Hoc|x64.ActiveCfg = Release|x64
		{55F7F677-49FD-4E60-8EE3-D18CE391DBAA}.Ad-Hoc|x64.Build.0 = Release|x64
		{55F7F677-49FD-4E60-8EE3-D18CE391DBAA}.Ad-Hoc|x64.Deploy.0 = Release|x64
		{55F7F677-49FD-4E60-8EE3-D18CE391DBAA}.Ad-Hoc|x86.ActiveCfg = Release|x86
		{55F7F677-49FD-4E60-8EE3-D18CE391DBAA}.Ad-Hoc|x86.Build.0 = Release|x86
		{55F7F677-49FD-4E60-8EE3-D18CE391DBAA}.Ad-Hoc|x86.Deploy.0 = Release|x86
		{55F7F677-49FD-4E60-8EE3-D18CE391DBAA}.AppStore|Any CPU.ActiveCfg = Release|x86
		{55F7F677-49FD-4E60-8EE3-D18CE391DBAA}.AppStore|Any CPU.Build.0 = Release|x86
		{55F7F677-49FD-4E60-8EE3-D18CE391DBAA}.AppStore|Any CPU.Deploy.0 = Release|x86
		{55F7F677-49FD-4E60-8EE3-D18CE391DBAA}.AppStore|ARM.ActiveCfg = Release|ARM
		{55F7F677-49FD-4E60-8EE3-D18CE391DBAA}.AppStore|ARM.Build.0 = Release|ARM
		{55F7F677-49FD-4E60-8EE3-D18CE391DBAA}.AppStore|ARM.Deploy.0 = Release|ARM
		{55F7F677-49FD-4E60-8EE3-D18CE391DBAA}.AppStore|iPhone.ActiveCfg = Release|x86
		{55F7F677-49FD-4E60-8EE3-D18CE391DBAA}.AppStore|iPhone.Build.0 = Release|x86
		{55F7F677-49FD-4E60-8EE3-D18CE391DBAA}.AppStore|iPhone.Deploy.0 = Release|x86
		{55F7F677-49FD-4E60-8EE3-D18CE391DBAA}.AppStore|iPhoneSimulator.ActiveCfg = Release|x86
		{55F7F677-49FD-4E60-8EE3-D18CE391DBAA}.AppStore|iPhoneSimulator.Build.0 = Release|x86
		{55F7F677-49FD-4E60-8EE3-D18CE391DBAA}.AppStore|iPhoneSimulator.Deploy.0 = Release|x86
		{55F7F677-49FD-4E60-8EE3-D18CE391DBAA}.AppStore|x64.ActiveCfg = Release|x64
		{55F7F677-49FD-4E60-8EE3-D18CE391DBAA}.AppStore|x64.Build.0 = Release|x64
		{55F7F677-49FD-4E60-8EE3-D18CE391DBAA}.AppStore|x64.Deploy.0 = Release|x64
		{55F7F677-49FD-4E60-8EE3-D18CE391DBAA}.AppStore|x86.ActiveCfg = Release|x86
		{55F7F677-49FD-4E60-8EE3-D18CE391DBAA}.AppStore|x86.Build.0 = Release|x86
		{55F7F677-49FD-4E60-8EE3-D18CE391DBAA}.AppStore|x86.Deploy.0 = Release|x86
		{55F7F677-49FD-4E60-8EE3-D18CE391DBAA}.Debug|Any CPU.ActiveCfg = Debug|x86
		{55F7F677-49FD-4E60-8EE3-D18CE391DBAA}.Debug|ARM.ActiveCfg = Debug|ARM
		{55F7F677-49FD-4E60-8EE3-D18CE391DBAA}.Debug|ARM.Build.0 = Debug|ARM
		{55F7F677-49FD-4E60-8EE3-D18CE391DBAA}.Debug|ARM.Deploy.0 = Debug|ARM
		{55F7F677-49FD-4E60-8EE3-D18CE391DBAA}.Debug|iPhone.ActiveCfg = Debug|x86
		{55F7F677-49FD-4E60-8EE3-D18CE391DBAA}.Debug|iPhoneSimulator.ActiveCfg = Debug|x86
		{55F7F677-49FD-4E60-8EE3-D18CE391DBAA}.Debug|x64.ActiveCfg = Debug|x64
		{55F7F677-49FD-4E60-8EE3-D18CE391DBAA}.Debug|x64.Build.0 = Debug|x64
		{55F7F677-49FD-4E60-8EE3-D18CE391DBAA}.Debug|x64.Deploy.0 = Debug|x64
		{55F7F677-49FD-4E60-8EE3-D18CE391DBAA}.Debug|x86.ActiveCfg = Debug|x86
		{55F7F677-49FD-4E60-8EE3-D18CE391DBAA}.Debug|x86.Build.0 = Debug|x86
		{55F7F677-49FD-4E60-8EE3-D18CE391DBAA}.Debug|x86.Deploy.0 = Debug|x86
		{55F7F677-49FD-4E60-8EE3-D18CE391DBAA}.Release|Any CPU.ActiveCfg = Release|x86
		{55F7F677-49FD-4E60-8EE3-D18CE391DBAA}.Release|ARM.ActiveCfg = Release|ARM
		{55F7F677-49FD-4E60-8EE3-D18CE391DBAA}.Release|ARM.Build.0 = Release|ARM
		{55F7F677-49FD-4E60-8EE3-D18CE391DBAA}.Release|ARM.Deploy.0 = Release|ARM
		{55F7F677-49FD-4E60-8EE3-D18CE391DBAA}.Release|iPhone.ActiveCfg = Release|x86
		{55F7F677-49FD-4E60-8EE3-D18CE391DBAA}.Release|iPhoneSimulator.ActiveCfg = Release|x86
		{55F7F677-49FD-4E60-8EE3-D18CE391DBAA}.Release|x64.ActiveCfg = Release|x64
		{55F7F677-49FD-4E60-8EE3-D18CE391DBAA}.Release|x64.Build.0 = Release|x64
		{55F7F677-49FD-4E60-8EE3-D18CE391DBAA}.Release|x64.Deploy.0 = Release|x64
		{55F7F677-49FD-4E60-8EE3-D18CE391DBAA}.Release|x86.ActiveCfg = Release|x86
		{55F7F677-49FD-4E60-8EE3-D18CE391DBAA}.Release|x86.Build.0 = Release|x86
		{55F7F677-49FD-4E60-8EE3-D18CE391DBAA}.Release|x86.Deploy.0 = Release|x86
		{057925AB-335E-42DA-BB9A-9BB006647803}.Ad-Hoc|Any CPU.ActiveCfg = Release|Any CPU
		{057925AB-335E-42DA-BB9A-9BB006647803}.Ad-Hoc|Any CPU.Build.0 = Release|Any CPU
		{057925AB-335E-42DA-BB9A-9BB006647803}.Ad-Hoc|Any CPU.Deploy.0 = Release|Any CPU
		{057925AB-335E-42DA-BB9A-9BB006647803}.Ad-Hoc|ARM.ActiveCfg = Release|ARM
		{057925AB-335E-42DA-BB9A-9BB006647803}.Ad-Hoc|ARM.Build.0 = Release|ARM
		{057925AB-335E-42DA-BB9A-9BB006647803}.Ad-Hoc|ARM.Deploy.0 = Release|ARM
		{057925AB-335E-42DA-BB9A-9BB006647803}.Ad-Hoc|iPhone.ActiveCfg = Release|Any CPU
		{057925AB-335E-42DA-BB9A-9BB006647803}.Ad-Hoc|iPhone.Build.0 = Release|Any CPU
		{057925AB-335E-42DA-BB9A-9BB006647803}.Ad-Hoc|iPhone.Deploy.0 = Release|Any CPU
		{057925AB-335E-42DA-BB9A-9BB006647803}.Ad-Hoc|iPhoneSimulator.ActiveCfg = Release|Any CPU
		{057925AB-335E-42DA-BB9A-9BB006647803}.Ad-Hoc|iPhoneSimulator.Build.0 = Release|Any CPU
		{057925AB-335E-42DA-BB9A-9BB006647803}.Ad-Hoc|iPhoneSimulator.Deploy.0 = Release|Any CPU
		{057925AB-335E-42DA-BB9A-9BB006647803}.Ad-Hoc|x64.ActiveCfg = Release|x64
		{057925AB-335E-42DA-BB9A-9BB006647803}.Ad-Hoc|x64.Build.0 = Release|x64
		{057925AB-335E-42DA-BB9A-9BB006647803}.Ad-Hoc|x64.Deploy.0 = Release|x64
		{057925AB-335E-42DA-BB9A-9BB006647803}.Ad-Hoc|x86.ActiveCfg = Release|x86
		{057925AB-335E-42DA-BB9A-9BB006647803}.Ad-Hoc|x86.Build.0 = Release|x86
		{057925AB-335E-42DA-BB9A-9BB006647803}.Ad-Hoc|x86.Deploy.0 = Release|x86
		{057925AB-335E-42DA-BB9A-9BB006647803}.AppStore|Any CPU.ActiveCfg = Release|Any CPU
		{057925AB-335E-42DA-BB9A-9BB006647803}.AppStore|Any CPU.Build.0 = Release|Any CPU
		{057925AB-335E-42DA-BB9A-9BB006647803}.AppStore|Any CPU.Deploy.0 = Release|Any CPU
		{057925AB-335E-42DA-BB9A-9BB006647803}.AppStore|ARM.ActiveCfg = Release|ARM
		{057925AB-335E-42DA-BB9A-9BB006647803}.AppStore|ARM.Build.0 = Release|ARM
		{057925AB-335E-42DA-BB9A-9BB006647803}.AppStore|ARM.Deploy.0 = Release|ARM
		{057925AB-335E-42DA-BB9A-9BB006647803}.AppStore|iPhone.ActiveCfg = Release|Any CPU
		{057925AB-335E-42DA-BB9A-9BB006647803}.AppStore|iPhone.Build.0 = Release|Any CPU
		{057925AB-335E-42DA-BB9A-9BB006647803}.AppStore|iPhone.Deploy.0 = Release|Any CPU
		{057925AB-335E-42DA-BB9A-9BB006647803}.AppStore|iPhoneSimulator.ActiveCfg = Release|Any CPU
		{057925AB-335E-42DA-BB9A-9BB006647803}.AppStore|iPhoneSimulator.Build.0 = Release|Any CPU
		{057925AB-335E-42DA-BB9A-9BB006647803}.AppStore|iPhoneSimulator.Deploy.0 = Release|Any CPU
		{057925AB-335E-42DA-BB9A-9BB006647803}.AppStore|x64.ActiveCfg = Release|x64
		{057925AB-335E-42DA-BB9A-9BB006647803}.AppStore|x64.Build.0 = Release|x64
		{057925AB-335E-42DA-BB9A-9BB006647803}.AppStore|x64.Deploy.0 = Release|x64
		{057925AB-335E-42DA-BB9A-9BB006647803}.AppStore|x86.ActiveCfg = Release|x86
		{057925AB-335E-42DA-BB9A-9BB006647803}.AppStore|x86.Build.0 = Release|x86
		{057925AB-335E-42DA-BB9A-9BB006647803}.AppStore|x86.Deploy.0 = Release|x86
		{057925AB-335E-42DA-BB9A-9BB006647803}.Debug|Any CPU.ActiveCfg = Debug|Any CPU
		{057925AB-335E-42DA-BB9A-9BB006647803}.Debug|Any CPU.Build.0 = Debug|Any CPU
		{057925AB-335E-42DA-BB9A-9BB006647803}.Debug|Any CPU.Deploy.0 = Debug|Any CPU
		{057925AB-335E-42DA-BB9A-9BB006647803}.Debug|ARM.ActiveCfg = Debug|ARM
		{057925AB-335E-42DA-BB9A-9BB006647803}.Debug|ARM.Build.0 = Debug|ARM
		{057925AB-335E-42DA-BB9A-9BB006647803}.Debug|ARM.Deploy.0 = Debug|ARM
		{057925AB-335E-42DA-BB9A-9BB006647803}.Debug|iPhone.ActiveCfg = Debug|Any CPU
		{057925AB-335E-42DA-BB9A-9BB006647803}.Debug|iPhone.Build.0 = Debug|Any CPU
		{057925AB-335E-42DA-BB9A-9BB006647803}.Debug|iPhone.Deploy.0 = Debug|Any CPU
		{057925AB-335E-42DA-BB9A-9BB006647803}.Debug|iPhoneSimulator.ActiveCfg = Debug|Any CPU
		{057925AB-335E-42DA-BB9A-9BB006647803}.Debug|iPhoneSimulator.Build.0 = Debug|Any CPU
		{057925AB-335E-42DA-BB9A-9BB006647803}.Debug|iPhoneSimulator.Deploy.0 = Debug|Any CPU
		{057925AB-335E-42DA-BB9A-9BB006647803}.Debug|x64.ActiveCfg = Debug|x64
		{057925AB-335E-42DA-BB9A-9BB006647803}.Debug|x64.Build.0 = Debug|x64
		{057925AB-335E-42DA-BB9A-9BB006647803}.Debug|x64.Deploy.0 = Debug|x64
		{057925AB-335E-42DA-BB9A-9BB006647803}.Debug|x86.ActiveCfg = Debug|x86
		{057925AB-335E-42DA-BB9A-9BB006647803}.Debug|x86.Build.0 = Debug|x86
		{057925AB-335E-42DA-BB9A-9BB006647803}.Debug|x86.Deploy.0 = Debug|x86
		{057925AB-335E-42DA-BB9A-9BB006647803}.Release|Any CPU.ActiveCfg = Release|Any CPU
		{057925AB-335E-42DA-BB9A-9BB006647803}.Release|Any CPU.Build.0 = Release|Any CPU
		{057925AB-335E-42DA-BB9A-9BB006647803}.Release|Any CPU.Deploy.0 = Release|Any CPU
		{057925AB-335E-42DA-BB9A-9BB006647803}.Release|ARM.ActiveCfg = Release|ARM
		{057925AB-335E-42DA-BB9A-9BB006647803}.Release|ARM.Build.0 = Release|ARM
		{057925AB-335E-42DA-BB9A-9BB006647803}.Release|ARM.Deploy.0 = Release|ARM
		{057925AB-335E-42DA-BB9A-9BB006647803}.Release|iPhone.ActiveCfg = Release|Any CPU
		{057925AB-335E-42DA-BB9A-9BB006647803}.Release|iPhone.Build.0 = Release|Any CPU
		{057925AB-335E-42DA-BB9A-9BB006647803}.Release|iPhone.Deploy.0 = Release|Any CPU
		{057925AB-335E-42DA-BB9A-9BB006647803}.Release|iPhoneSimulator.ActiveCfg = Release|Any CPU
		{057925AB-335E-42DA-BB9A-9BB006647803}.Release|iPhoneSimulator.Build.0 = Release|Any CPU
		{057925AB-335E-42DA-BB9A-9BB006647803}.Release|iPhoneSimulator.Deploy.0 = Release|Any CPU
		{057925AB-335E-42DA-BB9A-9BB006647803}.Release|x64.ActiveCfg = Release|x64
		{057925AB-335E-42DA-BB9A-9BB006647803}.Release|x64.Build.0 = Release|x64
		{057925AB-335E-42DA-BB9A-9BB006647803}.Release|x64.Deploy.0 = Release|x64
		{057925AB-335E-42DA-BB9A-9BB006647803}.Release|x86.ActiveCfg = Release|x86
		{057925AB-335E-42DA-BB9A-9BB006647803}.Release|x86.Build.0 = Release|x86
		{057925AB-335E-42DA-BB9A-9BB006647803}.Release|x86.Deploy.0 = Release|x86
		{7C34FC67-2169-4133-9AAF-756B66B03C88}.Ad-Hoc|Any CPU.ActiveCfg = Release|Any CPU
		{7C34FC67-2169-4133-9AAF-756B66B03C88}.Ad-Hoc|Any CPU.Build.0 = Release|Any CPU
		{7C34FC67-2169-4133-9AAF-756B66B03C88}.Ad-Hoc|ARM.ActiveCfg = Release|Any CPU
		{7C34FC67-2169-4133-9AAF-756B66B03C88}.Ad-Hoc|ARM.Build.0 = Release|Any CPU
		{7C34FC67-2169-4133-9AAF-756B66B03C88}.Ad-Hoc|iPhone.ActiveCfg = Release|Any CPU
		{7C34FC67-2169-4133-9AAF-756B66B03C88}.Ad-Hoc|iPhone.Build.0 = Release|Any CPU
		{7C34FC67-2169-4133-9AAF-756B66B03C88}.Ad-Hoc|iPhoneSimulator.ActiveCfg = Release|Any CPU
		{7C34FC67-2169-4133-9AAF-756B66B03C88}.Ad-Hoc|iPhoneSimulator.Build.0 = Release|Any CPU
		{7C34FC67-2169-4133-9AAF-756B66B03C88}.Ad-Hoc|x64.ActiveCfg = Release|Any CPU
		{7C34FC67-2169-4133-9AAF-756B66B03C88}.Ad-Hoc|x64.Build.0 = Release|Any CPU
		{7C34FC67-2169-4133-9AAF-756B66B03C88}.Ad-Hoc|x86.ActiveCfg = Release|Any CPU
		{7C34FC67-2169-4133-9AAF-756B66B03C88}.Ad-Hoc|x86.Build.0 = Release|Any CPU
		{7C34FC67-2169-4133-9AAF-756B66B03C88}.AppStore|Any CPU.ActiveCfg = Release|Any CPU
		{7C34FC67-2169-4133-9AAF-756B66B03C88}.AppStore|Any CPU.Build.0 = Release|Any CPU
		{7C34FC67-2169-4133-9AAF-756B66B03C88}.AppStore|ARM.ActiveCfg = Release|Any CPU
		{7C34FC67-2169-4133-9AAF-756B66B03C88}.AppStore|ARM.Build.0 = Release|Any CPU
		{7C34FC67-2169-4133-9AAF-756B66B03C88}.AppStore|iPhone.ActiveCfg = Release|Any CPU
		{7C34FC67-2169-4133-9AAF-756B66B03C88}.AppStore|iPhone.Build.0 = Release|Any CPU
		{7C34FC67-2169-4133-9AAF-756B66B03C88}.AppStore|iPhoneSimulator.ActiveCfg = Release|Any CPU
		{7C34FC67-2169-4133-9AAF-756B66B03C88}.AppStore|iPhoneSimulator.Build.0 = Release|Any CPU
		{7C34FC67-2169-4133-9AAF-756B66B03C88}.AppStore|x64.ActiveCfg = Release|Any CPU
		{7C34FC67-2169-4133-9AAF-756B66B03C88}.AppStore|x64.Build.0 = Release|Any CPU
		{7C34FC67-2169-4133-9AAF-756B66B03C88}.AppStore|x86.ActiveCfg = Release|Any CPU
		{7C34FC67-2169-4133-9AAF-756B66B03C88}.AppStore|x86.Build.0 = Release|Any CPU
		{7C34FC67-2169-4133-9AAF-756B66B03C88}.Debug|Any CPU.ActiveCfg = Debug|Any CPU
		{7C34FC67-2169-4133-9AAF-756B66B03C88}.Debug|Any CPU.Build.0 = Debug|Any CPU
		{7C34FC67-2169-4133-9AAF-756B66B03C88}.Debug|ARM.ActiveCfg = Debug|Any CPU
		{7C34FC67-2169-4133-9AAF-756B66B03C88}.Debug|ARM.Build.0 = Debug|Any CPU
		{7C34FC67-2169-4133-9AAF-756B66B03C88}.Debug|iPhone.ActiveCfg = Debug|Any CPU
		{7C34FC67-2169-4133-9AAF-756B66B03C88}.Debug|iPhone.Build.0 = Debug|Any CPU
		{7C34FC67-2169-4133-9AAF-756B66B03C88}.Debug|iPhoneSimulator.ActiveCfg = Debug|Any CPU
		{7C34FC67-2169-4133-9AAF-756B66B03C88}.Debug|iPhoneSimulator.Build.0 = Debug|Any CPU
		{7C34FC67-2169-4133-9AAF-756B66B03C88}.Debug|x64.ActiveCfg = Debug|Any CPU
		{7C34FC67-2169-4133-9AAF-756B66B03C88}.Debug|x64.Build.0 = Debug|Any CPU
		{7C34FC67-2169-4133-9AAF-756B66B03C88}.Debug|x86.ActiveCfg = Debug|Any CPU
		{7C34FC67-2169-4133-9AAF-756B66B03C88}.Debug|x86.Build.0 = Debug|Any CPU
		{7C34FC67-2169-4133-9AAF-756B66B03C88}.Release|Any CPU.ActiveCfg = Release|Any CPU
		{7C34FC67-2169-4133-9AAF-756B66B03C88}.Release|Any CPU.Build.0 = Release|Any CPU
		{7C34FC67-2169-4133-9AAF-756B66B03C88}.Release|ARM.ActiveCfg = Release|Any CPU
		{7C34FC67-2169-4133-9AAF-756B66B03C88}.Release|ARM.Build.0 = Release|Any CPU
		{7C34FC67-2169-4133-9AAF-756B66B03C88}.Release|iPhone.ActiveCfg = Release|Any CPU
		{7C34FC67-2169-4133-9AAF-756B66B03C88}.Release|iPhone.Build.0 = Release|Any CPU
		{7C34FC67-2169-4133-9AAF-756B66B03C88}.Release|iPhoneSimulator.ActiveCfg = Release|Any CPU
		{7C34FC67-2169-4133-9AAF-756B66B03C88}.Release|iPhoneSimulator.Build.0 = Release|Any CPU
		{7C34FC67-2169-4133-9AAF-756B66B03C88}.Release|x64.ActiveCfg = Release|Any CPU
		{7C34FC67-2169-4133-9AAF-756B66B03C88}.Release|x64.Build.0 = Release|Any CPU
		{7C34FC67-2169-4133-9AAF-756B66B03C88}.Release|x86.ActiveCfg = Release|Any CPU
		{7C34FC67-2169-4133-9AAF-756B66B03C88}.Release|x86.Build.0 = Release|Any CPU
	EndGlobalSection
	GlobalSection(SolutionProperties) = preSolution
		HideSolutionNode = FALSE
	EndGlobalSection
EndGlobal
